
Microsoft Visual Studio Solution File, Format Version 12.00
Project("{FAE04EC0-301F-11D3-BF4B-00C04F79EFBC}") = "ProfessorG64", "ProfessorG64\ProfessorG64.csproj", "{21F85109-9C11-4EF2-841C-011065C81455}"
EndProject
Project("{FAE04EC0-301F-11D3-BF4B-00C04F79EFBC}") = "ProfessorG64CLI", "ProfessorG64CLI\ProfessorG64CLI.csproj", "{2D4EF383-EBB4-4000-9D57-4AF3B503AE1A}"
EndProject
Global
	GlobalSection(SolutionConfigurationPlatforms) = preSolution
		Debug|Any CPU = Debug|Any CPU
		Release|Any CPU = Release|Any CPU
	EndGlobalSection
	GlobalSection(ProjectConfigurationPlatforms) = postSolution
		{21F85109-9C11-4EF2-841C-011065C81455}.Debug|Any CPU.ActiveCfg = Debug|Any CPU
		{21F85109-9C11-4EF2-841C-011065C81455}.Debug|Any CPU.Build.0 = Debug|Any CPU
		{21F85109-9C11-4EF2-841C-011065C81455}.Release|Any CPU.ActiveCfg = Release|Any CPU
		{21F85109-9C11-4EF2-841C-011065C81455}.Release|Any CPU.Build.0 = Release|Any CPU
		{2D4EF383-EBB4-4000-9D57-4AF3B503AE1A}.Debug|Any CPU.ActiveCfg = Debug|Any CPU
		{2D4EF383-EBB4-4000-9D57-4AF3B503AE1A}.Debug|Any CPU.Build.0 = Debug|Any CPU
		{2D4EF383-EBB4-4000-9D57-4AF3B503AE1A}.Release|Any CPU.ActiveCfg = Release|Any CPU
		{2D4EF383-EBB4-4000-9D57-4AF3B503AE1A}.Release|Any CPU.Build.0 = Release|Any CPU
	EndGlobalSection
EndGlobal
